
Microsoft Visual Studio Solution File, Format Version 12.00
# Visual Studio 14
VisualStudioVersion = 14.0.25420.1
MinimumVisualStudioVersion = 10.0.40219.1
Project("{FAE04EC0-301F-11D3-BF4B-00C04F79EFBC}") = "CommerceTraining", "CommerceTraining\CommerceTraining.csproj", "{D2AC7849-59E2-467C-94E5-4F141E85C63E}"
EndProject
Project("{FAE04EC0-301F-11D3-BF4B-00C04F79EFBC}") = "CommerceManager", "CommerceManager\CommerceManager.csproj", "{A2EA4E6D-842A-4AB6-881E-C566A6990423}"
EndProject
Project("{FAE04EC0-301F-11D3-BF4B-00C04F79EFBC}") = "EPiCode.Commerce.RestApi", "..\CommerceRestApi\src\EPiCode.Commerce.RestApi\EPiCode.Commerce.RestApi.csproj", "{37A45FA4-1E04-48CD-9AA0-397E2B30E6A5}"
EndProject
Global
	GlobalSection(SolutionConfigurationPlatforms) = preSolution
		Debug|Any CPU = Debug|Any CPU
		Release|Any CPU = Release|Any CPU
	EndGlobalSection
	GlobalSection(ProjectConfigurationPlatforms) = postSolution
		{D2AC7849-59E2-467C-94E5-4F141E85C63E}.Debug|Any CPU.ActiveCfg = Debug|Any CPU
		{D2AC7849-59E2-467C-94E5-4F141E85C63E}.Debug|Any CPU.Build.0 = Debug|Any CPU
		{D2AC7849-59E2-467C-94E5-4F141E85C63E}.Release|Any CPU.ActiveCfg = Release|Any CPU
		{D2AC7849-59E2-467C-94E5-4F141E85C63E}.Release|Any CPU.Build.0 = Release|Any CPU
		{A2EA4E6D-842A-4AB6-881E-C566A6990423}.Debug|Any CPU.ActiveCfg = Debug|Any CPU
		{A2EA4E6D-842A-4AB6-881E-C566A6990423}.Debug|Any CPU.Build.0 = Debug|Any CPU
		{A2EA4E6D-842A-4AB6-881E-C566A6990423}.Release|Any CPU.ActiveCfg = Release|Any CPU
		{A2EA4E6D-842A-4AB6-881E-C566A6990423}.Release|Any CPU.Build.0 = Release|Any CPU
		{37A45FA4-1E04-48CD-9AA0-397E2B30E6A5}.Debug|Any CPU.ActiveCfg = Debug|Any CPU
		{37A45FA4-1E04-48CD-9AA0-397E2B30E6A5}.Debug|Any CPU.Build.0 = Debug|Any CPU
		{37A45FA4-1E04-48CD-9AA0-397E2B30E6A5}.Release|Any CPU.ActiveCfg = Release|Any CPU
		{37A45FA4-1E04-48CD-9AA0-397E2B30E6A5}.Release|Any CPU.Build.0 = Release|Any CPU
	EndGlobalSection
	GlobalSection(SolutionProperties) = preSolution
		HideSolutionNode = FALSE
	EndGlobalSection
EndGlobal
